
Microsoft Visual Studio Solution File, Format Version 12.00
# Visual Studio Version 17
VisualStudioVersion = 17.7.34202.233
MinimumVisualStudioVersion = 10.0.40219.1
Project("{9A19103F-16F7-4668-BE54-9A1E7A4F7556}") = "mini big mammas pizzaria", "mini big mammas pizzaria.csproj", "{F2E0A45F-0341-4F11-A4CF-31609B98DED1}"
EndProject
Global
	GlobalSection(SolutionConfigurationPlatforms) = preSolution
		Debug|Any CPU = Debug|Any CPU
		Release|Any CPU = Release|Any CPU
	EndGlobalSection
	GlobalSection(ProjectConfigurationPlatforms) = postSolution
		{F2E0A45F-0341-4F11-A4CF-31609B98DED1}.Debug|Any CPU.ActiveCfg = Debug|Any CPU
		{F2E0A45F-0341-4F11-A4CF-31609B98DED1}.Debug|Any CPU.Build.0 = Debug|Any CPU
		{F2E0A45F-0341-4F11-A4CF-31609B98DED1}.Release|Any CPU.ActiveCfg = Release|Any CPU
		{F2E0A45F-0341-4F11-A4CF-31609B98DED1}.Release|Any CPU.Build.0 = Release|Any CPU
	EndGlobalSection
	GlobalSection(SolutionProperties) = preSolution
		HideSolutionNode = FALSE
	EndGlobalSection
	GlobalSection(ExtensibilityGlobals) = postSolution
		SolutionGuid = {0D293691-B1A1-4BAA-99DB-CEDC3517272D}
	EndGlobalSection
EndGlobal
